<?xml version="1.0" encoding="utf-8"?>
<Project ToolsVersion="4.0" xmlns="http://schemas.microsoft.com/developer/msbuild/2003">
  <ItemGroup>
    <Filter Include="Source Files">
      <UniqueIdentifier>{4FC737F1-C7A5-4376-A066-2A32D752A2FF}</UniqueIdentifier>
      <Extensions>cpp;c;cc;cxx;c++;cppm;ixx;def;odl;idl;hpj;bat;asm;asmx</Extensions>
    </Filter>
    <Filter Include="Header Files">
      <UniqueIdentifier>{93995380-89BD-4b04-88EB-625FBE52EBFB}</UniqueIdentifier>
      <Extensions>h;hh;hpp;hxx;h++;hm;inl;inc;ipp;xsd</Extensions>
    </Filter>
    <Filter Include="Resource Files">
      <UniqueIdentifier>{67DA6AB6-F800-4c08-8B7A-83BB121AAD01}</UniqueIdentifier>
      <Extensions>rc;ico;cur;bmp;dlg;rc2;rct;bin;rgs;gif;jpg;jpeg;jpe;resx;tiff;tif;png;wav;mfcribbon-ms</Extensions>
    </Filter>
    <Filter Include="Header Files\ECS">
      <UniqueIdentifier>{93f15718-ffdb-4742-ad2a-fe4f9fdfaca9}</UniqueIdentifier>
    </Filter>
    <Filter Include="Source Files\ECS">
      <UniqueIdentifier>{f89d1e69-fa81-46f1-aaef-a52b795217ca}</UniqueIdentifier>
    </Filter>
    <Filter Include="Source Files\ECS\Managers">
      <UniqueIdentifier>{e0c7d1ee-fddb-44fc-8bf3-f9a216c672f0}</UniqueIdentifier>
    </Filter>
    <Filter Include="Header Files\ECS\Managers">
      <UniqueIdentifier>{8965e2cc-a5b0-4d07-8b97-1f47d810c6a7}</UniqueIdentifier>
    </Filter>
    <Filter Include="Header Files\Components">
      <UniqueIdentifier>{d87ab45b-df67-44b2-b252-798d75874951}</UniqueIdentifier>
    </Filter>
    <Filter Include="Source Files\Components">
      <UniqueIdentifier>{aa545cb1-84e7-48ed-b8d0-5f26d0c94179}</UniqueIdentifier>
    </Filter>
  </ItemGroup>
  <ItemGroup>
    <ClCompile Include="main.cpp">
      <Filter>Source Files</Filter>
    </ClCompile>
    <ClCompile Include="Tools.cpp">
      <Filter>Source Files</Filter>
    </ClCompile>
    <ClCompile Include="BaseSystem.cpp">
      <Filter>Source Files\ECS</Filter>
    </ClCompile>
    <ClCompile Include="ComponentArray.cpp">
      <Filter>Source Files\ECS</Filter>
    </ClCompile>
    <ClCompile Include="IComponentArray.cpp">
      <Filter>Source Files\ECS</Filter>
    </ClCompile>
    <ClCompile Include="SMove.cpp">
      <Filter>Source Files</Filter>
    </ClCompile>
    <ClCompile Include="SystemOnRender.cpp">
      <Filter>Source Files\ECS</Filter>
    </ClCompile>
    <ClCompile Include="SystemOnUpdate.cpp">
      <Filter>Source Files\ECS</Filter>
    </ClCompile>
    <ClCompile Include="ComponentManager.cpp">
      <Filter>Source Files\ECS\Managers</Filter>
    </ClCompile>
    <ClCompile Include="ECSManager.cpp">
      <Filter>Source Files\ECS\Managers</Filter>
    </ClCompile>
    <ClCompile Include="EntityManager.cpp">
      <Filter>Source Files\ECS\Managers</Filter>
    </ClCompile>
    <ClCompile Include="SystemManager.cpp">
      <Filter>Source Files\ECS\Managers</Filter>
    </ClCompile>
    <ClCompile Include="Game.cpp">
      <Filter>Source Files</Filter>
    </ClCompile>
    <ClCompile Include="SDraw.cpp">
      <Filter>Source Files</Filter>
    </ClCompile>
    <ClCompile Include="CDirection.cpp">
      <Filter>Source Files\Components</Filter>
    </ClCompile>
  </ItemGroup>
  <ItemGroup>
    <ClInclude Include="Tools.h">
      <Filter>Header Files</Filter>
    </ClInclude>
    <ClInclude Include="BaseSystem.h">
      <Filter>Header Files\ECS</Filter>
    </ClInclude>
    <ClInclude Include="Component.h">
      <Filter>Header Files\ECS</Filter>
    </ClInclude>
    <ClInclude Include="Entity.h">
      <Filter>Header Files\ECS</Filter>
    </ClInclude>
    <ClInclude Include="ComponentArray.h">
      <Filter>Header Files\ECS</Filter>
    </ClInclude>
    <ClInclude Include="IComponentArray.h">
      <Filter>Header Files\ECS</Filter>
    </ClInclude>
    <ClInclude Include="Signature.h">
      <Filter>Header Files\ECS</Filter>
    </ClInclude>
    <ClInclude Include="SMove.h">
      <Filter>Header Files</Filter>
    </ClInclude>
    <ClInclude Include="SystemOnRender.h">
      <Filter>Header Files\ECS</Filter>
    </ClInclude>
    <ClInclude Include="SystemOnUpdate.h">
      <Filter>Header Files\ECS</Filter>
    </ClInclude>
    <ClInclude Include="ComponentManager.h">
      <Filter>Header Files\ECS\Managers</Filter>
    </ClInclude>
    <ClInclude Include="ECSManager.h">
      <Filter>Header Files\ECS\Managers</Filter>
    </ClInclude>
    <ClInclude Include="EntityManager.h">
      <Filter>Header Files\ECS\Managers</Filter>
    </ClInclude>
    <ClInclude Include="SystemManager.h">
      <Filter>Header Files\ECS\Managers</Filter>
    </ClInclude>
    <ClInclude Include="Game.h">
      <Filter>Header Files</Filter>
    </ClInclude>
    <ClInclude Include="SDraw.h">
      <Filter>Header Files</Filter>
    </ClInclude>
    <ClInclude Include="CAcceleration.h">
      <Filter>Header Files\Components</Filter>
    </ClInclude>
    <ClInclude Include="CDirection.h">
      <Filter>Header Files\Components</Filter>
    </ClInclude>
    <ClInclude Include="CPosition.h">
      <Filter>Header Files\Components</Filter>
    </ClInclude>
    <ClInclude Include="CRotation.h">
      <Filter>Header Files\Components</Filter>
    </ClInclude>
    <ClInclude Include="CSpeed.h">
      <Filter>Header Files\Components</Filter>
    </ClInclude>
    <ClInclude Include="CSprite.h">
      <Filter>Header Files\Components</Filter>
    </ClInclude>
  </ItemGroup>
  <ItemGroup>
    <Image Include="Textures\basePlayerTexture.png">
      <Filter>Resource Files</Filter>
    </Image>
  </ItemGroup>
</Project>